{
  "name": "awpak-ai-nodejs-example",
  "version": "1.0.0",
  "lockfileVersion": 3,
  "requires": true,
  "packages": {
    "": {
      "name": "awpak-ai-nodejs-example",
      "version": "1.0.0",
      "license": "ISC",
      "dependencies": {
        "awpak-ai-nodejs": "file:../awpak-ai-nodejs"
      },
      "devDependencies": {
        "typescript": "^5.8.3"
      }
    },
    "../awpak-ai-nodejs": {
      "version": "0.1.0",
      "license": "ISC",
      "dependencies": {
        "@neon-rs/load": "^0.1.82"
      },
      "devDependencies": {
        "@neon-rs/cli": "^0.1.82",
        "@tsconfig/node20": "^20.1.4",
        "@types/node": "^20.19.7",
        "typescript": "^5.3.3"
      }
    },
    "node_modules/awpak-ai-nodejs": {
      "resolved": "../awpak-ai-nodejs",
      "link": true
    },
    "node_modules/typescript": {
      "version": "5.8.3",
      "resolved": "https://registry.npmjs.org/typescript/-/typescript-5.8.3.tgz",
      "integrity": "sha512-p1diW6TqL9L07nNxvRMM7hMMw4c5XOo/1ibL4aAIGmSAt9slTE1Xgw5KWuof2uTOvCg9BY7ZRi+GaF+7sfgPeQ==",
      "dev": true,
      "bin": {
        "tsc": "bin/tsc",
        "tsserver": "bin/tsserver"
      },
      "engines": {
        "node": ">=14.17"
      }
    }
  }
}
